
Microsoft Visual Studio Solution File, Format Version 10.00
# Visual Studio 2008
Project("{FAE04EC0-301F-11D3-BF4B-00C04F79EFBC}") = "apnConverter", "apnConverter\apnConverter.csproj", "{13DCE092-2AE5-409F-96CB-FF3D0968D2EC}"
EndProject
Project("{FAE04EC0-301F-11D3-BF4B-00C04F79EFBC}") = "Test", "Test\Test.csproj", "{809EDFEE-7CEC-48EF-95A5-A4D546AE2BC6}"
EndProject
Global
	GlobalSection(SolutionConfigurationPlatforms) = preSolution
		Debug|Any CPU = Debug|Any CPU
		Release|Any CPU = Release|Any CPU
	EndGlobalSection
	GlobalSection(ProjectConfigurationPlatforms) = postSolution
		{13DCE092-2AE5-409F-96CB-FF3D0968D2EC}.Debug|Any CPU.ActiveCfg = Debug|Any CPU
		{13DCE092-2AE5-409F-96CB-FF3D0968D2EC}.Debug|Any CPU.Build.0 = Debug|Any CPU
		{13DCE092-2AE5-409F-96CB-FF3D0968D2EC}.Release|Any CPU.ActiveCfg = Release|Any CPU
		{13DCE092-2AE5-409F-96CB-FF3D0968D2EC}.Release|Any CPU.Build.0 = Release|Any CPU
		{809EDFEE-7CEC-48EF-95A5-A4D546AE2BC6}.Debug|Any CPU.ActiveCfg = Debug|Any CPU
		{809EDFEE-7CEC-48EF-95A5-A4D546AE2BC6}.Debug|Any CPU.Build.0 = Debug|Any CPU
		{809EDFEE-7CEC-48EF-95A5-A4D546AE2BC6}.Release|Any CPU.ActiveCfg = Release|Any CPU
		{809EDFEE-7CEC-48EF-95A5-A4D546AE2BC6}.Release|Any CPU.Build.0 = Release|Any CPU
	EndGlobalSection
	GlobalSection(SolutionProperties) = preSolution
		HideSolutionNode = FALSE
	EndGlobalSection
EndGlobal
